
Microsoft Visual Studio Solution File, Format Version 12.00
# Visual Studio Version 17
VisualStudioVersion = 17.3.32929.385
MinimumVisualStudioVersion = 10.0.40219.1
Project("{9A19103F-16F7-4668-BE54-9A1E7A4F7556}") = "CompanyEmployees", "CompanyEmployees\CompanyEmployees.csproj", "{3F92F7A5-23D5-4DED-97DF-613C0F72B333}"
EndProject
Project("{9A19103F-16F7-4668-BE54-9A1E7A4F7556}") = "Contracts", "Contracts\Contracts.csproj", "{48A20645-E1C7-4379-8EA5-86143D7BC315}"
EndProject
Project("{9A19103F-16F7-4668-BE54-9A1E7A4F7556}") = "LoggerService", "LoggerService\LoggerService.csproj", "{E906E847-2314-40D8-8928-ED0E2A6ED77B}"
EndProject
Project("{9A19103F-16F7-4668-BE54-9A1E7A4F7556}") = "Entities", "Entities\Entities.csproj", "{A4ECB63F-EFD5-4EA8-9261-B5A11CD9341A}"
EndProject
Project("{9A19103F-16F7-4668-BE54-9A1E7A4F7556}") = "Repository", "Repository\Repository.csproj", "{B7030FDF-F4D0-485C-B642-58200DDDD640}"
EndProject
Project("{9A19103F-16F7-4668-BE54-9A1E7A4F7556}") = "Service.Contracts", "Service.Contracts\Service.Contracts.csproj", "{6BD12E53-C1A1-42F3-A8C2-DEA97B05E69E}"
EndProject
Project("{9A19103F-16F7-4668-BE54-9A1E7A4F7556}") = "Service", "Service\Service.csproj", "{F7C64D77-49DA-4F6B-A848-6FE8F0A12575}"
EndProject
Project("{9A19103F-16F7-4668-BE54-9A1E7A4F7556}") = "CompanyEmployees.Presentation", "CompanyEmployees.Presentation\CompanyEmployees.Presentation.csproj", "{8FFA961C-1184-41B2-B323-2FBBA9D28361}"
EndProject
Project("{FAE04EC0-301F-11D3-BF4B-00C04F79EFBC}") = "Shared", "Shared\Shared.csproj", "{D9E526D6-934D-4A3B-9C3D-163523D0AF47}"
EndProject
Global
	GlobalSection(SolutionConfigurationPlatforms) = preSolution
		Debug|Any CPU = Debug|Any CPU
		Release|Any CPU = Release|Any CPU
	EndGlobalSection
	GlobalSection(ProjectConfigurationPlatforms) = postSolution
		{3F92F7A5-23D5-4DED-97DF-613C0F72B333}.Debug|Any CPU.ActiveCfg = Debug|Any CPU
		{3F92F7A5-23D5-4DED-97DF-613C0F72B333}.Debug|Any CPU.Build.0 = Debug|Any CPU
		{3F92F7A5-23D5-4DED-97DF-613C0F72B333}.Release|Any CPU.ActiveCfg = Release|Any CPU
		{3F92F7A5-23D5-4DED-97DF-613C0F72B333}.Release|Any CPU.Build.0 = Release|Any CPU
		{48A20645-E1C7-4379-8EA5-86143D7BC315}.Debug|Any CPU.ActiveCfg = Debug|Any CPU
		{48A20645-E1C7-4379-8EA5-86143D7BC315}.Debug|Any CPU.Build.0 = Debug|Any CPU
		{48A20645-E1C7-4379-8EA5-86143D7BC315}.Release|Any CPU.ActiveCfg = Release|Any CPU
		{48A20645-E1C7-4379-8EA5-86143D7BC315}.Release|Any CPU.Build.0 = Release|Any CPU
		{E906E847-2314-40D8-8928-ED0E2A6ED77B}.Debug|Any CPU.ActiveCfg = Debug|Any CPU
		{E906E847-2314-40D8-8928-ED0E2A6ED77B}.Debug|Any CPU.Build.0 = Debug|Any CPU
		{E906E847-2314-40D8-8928-ED0E2A6ED77B}.Release|Any CPU.ActiveCfg = Release|Any CPU
		{E906E847-2314-40D8-8928-ED0E2A6ED77B}.Release|Any CPU.Build.0 = Release|Any CPU
		{A4ECB63F-EFD5-4EA8-9261-B5A11CD9341A}.Debug|Any CPU.ActiveCfg = Debug|Any CPU
		{A4ECB63F-EFD5-4EA8-9261-B5A11CD9341A}.Debug|Any CPU.Build.0 = Debug|Any CPU
		{A4ECB63F-EFD5-4EA8-9261-B5A11CD9341A}.Release|Any CPU.ActiveCfg = Release|Any CPU
		{A4ECB63F-EFD5-4EA8-9261-B5A11CD9341A}.Release|Any CPU.Build.0 = Release|Any CPU
		{B7030FDF-F4D0-485C-B642-58200DDDD640}.Debug|Any CPU.ActiveCfg = Debug|Any CPU
		{B7030FDF-F4D0-485C-B642-58200DDDD640}.Debug|Any CPU.Build.0 = Debug|Any CPU
		{B7030FDF-F4D0-485C-B642-58200DDDD640}.Release|Any CPU.ActiveCfg = Release|Any CPU
		{B7030FDF-F4D0-485C-B642-58200DDDD640}.Release|Any CPU.Build.0 = Release|Any CPU
		{6BD12E53-C1A1-42F3-A8C2-DEA97B05E69E}.Debug|Any CPU.ActiveCfg = Debug|Any CPU
		{6BD12E53-C1A1-42F3-A8C2-DEA97B05E69E}.Debug|Any CPU.Build.0 = Debug|Any CPU
		{6BD12E53-C1A1-42F3-A8C2-DEA97B05E69E}.Release|Any CPU.ActiveCfg = Release|Any CPU
		{6BD12E53-C1A1-42F3-A8C2-DEA97B05E69E}.Release|Any CPU.Build.0 = Release|Any CPU
		{F7C64D77-49DA-4F6B-A848-6FE8F0A12575}.Debug|Any CPU.ActiveCfg = Debug|Any CPU
		{F7C64D77-49DA-4F6B-A848-6FE8F0A12575}.Debug|Any CPU.Build.0 = Debug|Any CPU
		{F7C64D77-49DA-4F6B-A848-6FE8F0A12575}.Release|Any CPU.ActiveCfg = Release|Any CPU
		{F7C64D77-49DA-4F6B-A848-6FE8F0A12575}.Release|Any CPU.Build.0 = Release|Any CPU
		{8FFA961C-1184-41B2-B323-2FBBA9D28361}.Debug|Any CPU.ActiveCfg = Debug|Any CPU
		{8FFA961C-1184-41B2-B323-2FBBA9D28361}.Debug|Any CPU.Build.0 = Debug|Any CPU
		{8FFA961C-1184-41B2-B323-2FBBA9D28361}.Release|Any CPU.ActiveCfg = Release|Any CPU
		{8FFA961C-1184-41B2-B323-2FBBA9D28361}.Release|Any CPU.Build.0 = Release|Any CPU
		{D9E526D6-934D-4A3B-9C3D-163523D0AF47}.Debug|Any CPU.ActiveCfg = Debug|Any CPU
		{D9E526D6-934D-4A3B-9C3D-163523D0AF47}.Debug|Any CPU.Build.0 = Debug|Any CPU
		{D9E526D6-934D-4A3B-9C3D-163523D0AF47}.Release|Any CPU.ActiveCfg = Release|Any CPU
		{D9E526D6-934D-4A3B-9C3D-163523D0AF47}.Release|Any CPU.Build.0 = Release|Any CPU
	EndGlobalSection
	GlobalSection(SolutionProperties) = preSolution
		HideSolutionNode = FALSE
	EndGlobalSection
	GlobalSection(ExtensibilityGlobals) = postSolution
		SolutionGuid = {3CD6F45C-D4E3-4114-BF25-C52DF2AD18C1}
	EndGlobalSection
EndGlobal
